
Microsoft Visual Studio Solution File, Format Version 12.00
# Visual Studio Version 17
VisualStudioVersion = 17.10.35004.147
MinimumVisualStudioVersion = 10.0.40219.1
Project("{F184B08F-C81C-45F6-A57F-5ABD9991F28F}") = "SlidelyAI_Windows_Desktop_App", "SlidelyAI_Windows_Desktop_App.vbproj", "{4EE7ABC9-F89A-4A80-B524-BBFCF307A4BE}"
EndProject
Global
	GlobalSection(SolutionConfigurationPlatforms) = preSolution
		Debug|Any CPU = Debug|Any CPU
		Release|Any CPU = Release|Any CPU
	EndGlobalSection
	GlobalSection(ProjectConfigurationPlatforms) = postSolution
		{4EE7ABC9-F89A-4A80-B524-BBFCF307A4BE}.Debug|Any CPU.ActiveCfg = Debug|Any CPU
		{4EE7ABC9-F89A-4A80-B524-BBFCF307A4BE}.Debug|Any CPU.Build.0 = Debug|Any CPU
		{4EE7ABC9-F89A-4A80-B524-BBFCF307A4BE}.Release|Any CPU.ActiveCfg = Release|Any CPU
		{4EE7ABC9-F89A-4A80-B524-BBFCF307A4BE}.Release|Any CPU.Build.0 = Release|Any CPU
	EndGlobalSection
	GlobalSection(SolutionProperties) = preSolution
		HideSolutionNode = FALSE
	EndGlobalSection
	GlobalSection(ExtensibilityGlobals) = postSolution
		SolutionGuid = {1AB0D0F3-26D1-4C49-8E53-E23CA0BDF5BA}
	EndGlobalSection
EndGlobal
